
Microsoft Visual Studio Solution File, Format Version 12.00
# Visual Studio Version 16
VisualStudioVersion = 16.0.30204.135
MinimumVisualStudioVersion = 10.0.40219.1
Project("{FAE04EC0-301F-11D3-BF4B-00C04F79EFBC}") = "evaluatie_toets", "evaluatie_toets\evaluatie_toets.csproj", "{AEBFC4DC-1A04-4370-9D3A-150A08DA23FC}"
EndProject
Global
	GlobalSection(SolutionConfigurationPlatforms) = preSolution
		Debug|Any CPU = Debug|Any CPU
		Release|Any CPU = Release|Any CPU
	EndGlobalSection
	GlobalSection(ProjectConfigurationPlatforms) = postSolution
		{AEBFC4DC-1A04-4370-9D3A-150A08DA23FC}.Debug|Any CPU.ActiveCfg = Debug|Any CPU
		{AEBFC4DC-1A04-4370-9D3A-150A08DA23FC}.Debug|Any CPU.Build.0 = Debug|Any CPU
		{AEBFC4DC-1A04-4370-9D3A-150A08DA23FC}.Release|Any CPU.ActiveCfg = Release|Any CPU
		{AEBFC4DC-1A04-4370-9D3A-150A08DA23FC}.Release|Any CPU.Build.0 = Release|Any CPU
	EndGlobalSection
	GlobalSection(SolutionProperties) = preSolution
		HideSolutionNode = FALSE
	EndGlobalSection
	GlobalSection(ExtensibilityGlobals) = postSolution
		SolutionGuid = {F950DB49-4CC2-4607-A85A-734E14B11598}
	EndGlobalSection
EndGlobal
